PODS:
  - AFNetworking (3.1.0):
    - AFNetworking/NSURLSession (= 3.1.0)
    - AFNetworking/Reachability (= 3.1.0)
    - AFNetworking/Security (= 3.1.0)
    - AFNetworking/Serialization (= 3.1.0)
    - AFNetworking/UIKit (= 3.1.0)
  - AFNetworking/NSURLSession (3.1.0):
    - AFNetworking/Reachability
    - AFNetworking/Security
    - AFNetworking/Serialization
  - AFNetworking/Reachability (3.1.0)
  - AFNetworking/Security (3.1.0)
  - AFNetworking/Serialization (3.1.0)
  - AFNetworking/UIKit (3.1.0):
    - AFNetworking/NSURLSession
  - JSONModel (1.2.0)
  - MBProgressHUD (0.9.2)
  - MMDrawerController (0.6.0):
    - MMDrawerController/Core (= 0.6.0)
    - MMDrawerController/MMDrawerBarButtonItem (= 0.6.0)
    - MMDrawerController/MMDrawerVisualStates (= 0.6.0)
    - MMDrawerController/Subclass (= 0.6.0)
  - MMDrawerController/Core (0.6.0)
  - MMDrawerController/MMDrawerBarButtonItem (0.6.0):
    - MMDrawerController/Core
  - MMDrawerController/MMDrawerVisualStates (0.6.0):
    - MMDrawerController/Core
  - MMDrawerController/Subclass (0.6.0):
    - MMDrawerController/Core
  - NJKWebViewProgress (0.2.3):
    - NJKWebViewProgress/Core (= 0.2.3)
    - NJKWebViewProgress/ProgressView (= 0.2.3)
  - NJKWebViewProgress/Core (0.2.3)
  - NJKWebViewProgress/ProgressView (0.2.3)
  - pop (1.0.9)
  - TTTAttributedLabel (2.0.0)
  - UMengAnalytics-NO-IDFA (4.1.1)

DEPENDENCIES:
  - AFNetworking (~> 3.1.0)
  - JSONModel (~> 1.2.0)
  - MBProgressHUD (~> 0.9.2)
  - MMDrawerController (~> 0.6.0)
  - NJKWebViewProgress
  - pop (~> 1.0.9)
  - TTTAttributedLabel (~> 2.0.0)
  - UMengAnalytics-NO-IDFA

SPEC CHECKSUMS:
  AFNetworking: 5e0e199f73d8626b11e79750991f5d173d1f8b67
  JSONModel: 12523685c4b623553ccf844bbbf7007624317b2c
  MBProgressHUD: 1569cf7ace17a8bac47aabfbb8580a49690386d1
  MMDrawerController: e3a54a5570388463ad3b36975251575b50c4e1a0
  NJKWebViewProgress: f481fd424cb5ecc27eacae11b5397db92fba9a4d
  pop: f667631a5108a2e60d9e8797c9b32ddaf2080bce
  TTTAttributedLabel: 8cffe8e127e4e82ff3af1e5386d4cd0ad000b656
  UMengAnalytics-NO-IDFA: 1064992c1b7aaa22823179c0b33a664813fd7a85

COCOAPODS: 0.39.0
